
Microsoft Visual Studio Solution File, Format Version 12.00
# Visual Studio Version 17
VisualStudioVersion = 17.9.34701.34
MinimumVisualStudioVersion = 10.0.40219.1
Project("{FAE04EC0-301F-11D3-BF4B-00C04F79EFBC}") = "BulkyWeb", "BulkyWeb\BulkyWeb.csproj", "{C961466B-ABE8-4F7B-B041-367720A3C5D0}"
EndProject
Global
	GlobalSection(SolutionConfigurationPlatforms) = preSolution
		Debug|Any CPU = Debug|Any CPU
		Release|Any CPU = Release|Any CPU
	EndGlobalSection
	GlobalSection(ProjectConfigurationPlatforms) = postSolution
		{C961466B-ABE8-4F7B-B041-367720A3C5D0}.Debug|Any CPU.ActiveCfg = Debug|Any CPU
		{C961466B-ABE8-4F7B-B041-367720A3C5D0}.Debug|Any CPU.Build.0 = Debug|Any CPU
		{C961466B-ABE8-4F7B-B041-367720A3C5D0}.Release|Any CPU.ActiveCfg = Release|Any CPU
		{C961466B-ABE8-4F7B-B041-367720A3C5D0}.Release|Any CPU.Build.0 = Release|Any CPU
	EndGlobalSection
	GlobalSection(SolutionProperties) = preSolution
		HideSolutionNode = FALSE
	EndGlobalSection
	GlobalSection(ExtensibilityGlobals) = postSolution
		SolutionGuid = {C2748631-A805-4BB0-AD74-2DA7313EFBC2}
	EndGlobalSection
EndGlobal
